// !$*UTF8*$!
{
	archiveVersion = 1;
	classes = {
	};
	objectVersion = 77;
	objects = {

/* Begin PBXBuildFile section */
		052CE5862F876BC600AE1053 /* FluidAudio in Frameworks */ = {isa = PBXBuildFile; productRef = B00000010000000000000001 /* FluidAudio */; };
		052CE5872F876BC600AE1053 /* LlamaSwift in Frameworks */ = {isa = PBXBuildFile; productRef = B00000010000000000000002 /* LlamaSwift */; };
		052CE5882F876BC600AE1053 /* HuggingFace in Frameworks */ = {isa = PBXBuildFile; productRef = B00000010000000000000003 /* HuggingFace */; };
		052CE5892F876BC600AE1053 /* Transformers in Frameworks */ = {isa = PBXBuildFile; productRef = B00000010000000000000004 /* Transformers */; };
		052CE58A2F876BC600AE1053 /* Opus in Frameworks */ = {isa = PBXBuildFile; productRef = B00000010000000000000005 /* Opus */; };
		052CE58B2F876BC600AE1053 /* yyjson in Frameworks */ = {isa = PBXBuildFile; productRef = B00000010000000000000006 /* yyjson */; };
		059E41822F8A2732004E3D94 /* WhisperKit in Frameworks */ = {isa = PBXBuildFile; productRef = B00000010000000000000007 /* WhisperKit */; };
/* End PBXBuildFile section */

/* Begin PBXContainerItemProxy section */
		A00000160000000000000001 /* PBXContainerItemProxy */ = {
			isa = PBXContainerItemProxy;
			containerPortal = A00000150000000000000001 /* Project object */;
			proxyType = 1;
			remoteGlobalIDString = A00000040000000000000001;
			remoteInfo = Scribe;
		};
/* End PBXContainerItemProxy section */

/* Begin PBXFileReference section */
		A00000020000000000000001 /* Scribe.app */ = {isa = PBXFileReference; explicitFileType = wrapper.application; includeInIndex = 0; path = Scribe.app; sourceTree = BUILT_PRODUCTS_DIR; };
		A00000020000000000000002 /* ScribeTests.xctest */ = {isa = PBXFileReference; explicitFileType = wrapper.cfbundle; includeInIndex = 0; path = ScribeTests.xctest; sourceTree = BUILT_PRODUCTS_DIR; };
/* End PBXFileReference section */

/* Begin PBXFileSystemSynchronizedBuildFileExceptionSet section */
		A00000030000000000000001 /* Exceptions for "ScribeTests" folder in "ScribeTests" target */ = {
			isa = PBXFileSystemSynchronizedBuildFileExceptionSet;
			membershipExceptions = (
				Info.plist,
			);
			target = A00000040000000000000002 /* ScribeTests */;
		};
		A00000030000000000000002 /* Exceptions for "Scribe" folder in "Scribe" target */ = {
			isa = PBXFileSystemSynchronizedBuildFileExceptionSet;
			membershipExceptions = (
				.gitkeep,
				Info.plist,
			);
			target = A00000040000000000000001 /* Scribe */;
		};
/* End PBXFileSystemSynchronizedBuildFileExceptionSet section */

/* Begin PBXFileSystemSynchronizedRootGroup section */
		A00000050000000000000001 /* Scribe */ = {
			isa = PBXFileSystemSynchronizedRootGroup;
			exceptions = (
				A00000030000000000000002 /* Exceptions for "Scribe" folder in "Scribe" target */,
			);
			path = Scribe;
			sourceTree = "<group>";
		};
		A00000050000000000000002 /* ScribeTests */ = {
			isa = PBXFileSystemSynchronizedRootGroup;
			exceptions = (
				A00000030000000000000001 /* Exceptions for "ScribeTests" folder in "ScribeTests" target */,
			);
			path = ScribeTests;
			sourceTree = "<group>";
		};
/* End PBXFileSystemSynchronizedRootGroup section */

/* Begin PBXFrameworksBuildPhase section */
		A00000060000000000000001 /* Frameworks */ = {
			isa = PBXFrameworksBuildPhase;
			buildActionMask = 2147483647;
			files = (
				059E41822F8A2732004E3D94 /* WhisperKit in Frameworks */,
				052CE58B2F876BC600AE1053 /* yyjson in Frameworks */,
				052CE58A2F876BC600AE1053 /* Opus in Frameworks */,
				052CE5892F876BC600AE1053 /* Transformers in Frameworks */,
				052CE5882F876BC600AE1053 /* HuggingFace in Frameworks */,
				052CE5872F876BC600AE1053 /* LlamaSwift in Frameworks */,
				052CE5862F876BC600AE1053 /* FluidAudio in Frameworks */,
			);
			runOnlyForDeploymentPostprocessing = 0;
		};
		A00000060000000000000002 /* Frameworks */ = {
			isa = PBXFrameworksBuildPhase;
			buildActionMask = 2147483647;
			files = (
			);
			runOnlyForDeploymentPostprocessing = 0;
		};
/* End PBXFrameworksBuildPhase section */

/* Begin PBXGroup section */
		A00000070000000000000001 = {
			isa = PBXGroup;
			children = (
				A00000050000000000000001 /* Scribe */,
				A00000050000000000000002 /* ScribeTests */,
				A00000080000000000000001 /* Products */,
			);
			sourceTree = "<group>";
		};
		A00000080000000000000001 /* Products */ = {
			isa = PBXGroup;
			children = (
				A00000020000000000000001 /* Scribe.app */,
				A00000020000000000000002 /* ScribeTests.xctest */,
			);
			name = Products;
			sourceTree = "<group>";
		};
/* End PBXGroup section */

/* Begin PBXNativeTarget section */
		A00000040000000000000001 /* Scribe */ = {
			isa = PBXNativeTarget;
			buildConfigurationList = A00000100000000000000001 /* Build configuration list for PBXNativeTarget "Scribe" */;
			buildPhases = (
				A00000110000000000000001 /* Sources */,
				A00000060000000000000001 /* Frameworks */,
				A00000120000000000000001 /* Resources */,
			);
			buildRules = (
			);
			dependencies = (
			);
			fileSystemSynchronizedGroups = (
				A00000050000000000000001 /* Scribe */,
			);
			name = Scribe;
			packageProductDependencies = (
				B00000010000000000000001 /* FluidAudio */,
				B00000010000000000000002 /* LlamaSwift */,
				B00000010000000000000003 /* HuggingFace */,
				B00000010000000000000004 /* Transformers */,
				B00000010000000000000005 /* Opus */,
				B00000010000000000000006 /* yyjson */,
				B00000010000000000000007 /* WhisperKit */,
			);
			productName = Scribe;
			productReference = A00000020000000000000001 /* Scribe.app */;
			productType = "com.apple.product-type.application";
		};
		A00000040000000000000002 /* ScribeTests */ = {
			isa = PBXNativeTarget;
			buildConfigurationList = A00000100000000000000002 /* Build configuration list for PBXNativeTarget "ScribeTests" */;
			buildPhases = (
				A00000110000000000000002 /* Sources */,
				A00000060000000000000002 /* Frameworks */,
				A00000120000000000000002 /* Resources */,
			);
			buildRules = (
			);
			dependencies = (
				A00000140000000000000001 /* PBXTargetDependency */,
			);
			fileSystemSynchronizedGroups = (
				A00000050000000000000002 /* ScribeTests */,
			);
			name = ScribeTests;
			packageProductDependencies = (
			);
			productName = ScribeTests;
			productReference = A00000020000000000000002 /* ScribeTests.xctest */;
			productType = "com.apple.product-type.bundle.unit-test";
		};
/* End PBXNativeTarget section */

/* Begin PBXProject section */
		A00000150000000000000001 /* Project object */ = {
			isa = PBXProject;
			attributes = {
				BuildIndependentTargetsInParallel = 1;
				LastSwiftUpdateCheck = 2640;
				LastUpgradeCheck = 2640;
				TargetAttributes = {
					A00000040000000000000001 = {
						CreatedOnToolsVersion = 16.2;
					};
					A00000040000000000000002 = {
						CreatedOnToolsVersion = 16.2;
						TestTargetID = A00000040000000000000001;
					};
				};
			};
			buildConfigurationList = A00000100000000000000003 /* Build configuration list for PBXProject "Scribe" */;
			developmentRegion = en;
			hasScannedForEncodings = 0;
			knownRegions = (
				en,
				Base,
			);
			mainGroup = A00000070000000000000001;
			minimizedProjectReferenceProxies = 1;
			packageReferences = (
				C00000010000000000000001 /* XCRemoteSwiftPackageReference "FluidAudio" */,
				C00000010000000000000002 /* XCRemoteSwiftPackageReference "llama.swift" */,
				C00000010000000000000003 /* XCRemoteSwiftPackageReference "swift-huggingface" */,
				C00000010000000000000004 /* XCRemoteSwiftPackageReference "swift-transformers" */,
				C00000010000000000000005 /* XCRemoteSwiftPackageReference "swift-opus" */,
				C00000010000000000000006 /* XCRemoteSwiftPackageReference "yyjson" */,
				C00000010000000000000007 /* XCRemoteSwiftPackageReference "WhisperKit" */,
			);
			preferredProjectObjectVersion = 77;
			productRefGroup = A00000080000000000000001 /* Products */;
			projectDirPath = "";
			projectRoot = "";
			targets = (
				A00000040000000000000001 /* Scribe */,
				A00000040000000000000002 /* ScribeTests */,
			);
		};
/* End PBXProject section */

/* Begin PBXResourcesBuildPhase section */
		A00000120000000000000001 /* Resources */ = {
			isa = PBXResourcesBuildPhase;
			buildActionMask = 2147483647;
			files = (
			);
			runOnlyForDeploymentPostprocessing = 0;
		};
		A00000120000000000000002 /* Resources */ = {
			isa = PBXResourcesBuildPhase;
			buildActionMask = 2147483647;
			files = (
			);
			runOnlyForDeploymentPostprocessing = 0;
		};
/* End PBXResourcesBuildPhase section */

/* Begin PBXSourcesBuildPhase section */
		A00000110000000000000001 /* Sources */ = {
			isa = PBXSourcesBuildPhase;
			buildActionMask = 2147483647;
			files = (
			);
			runOnlyForDeploymentPostprocessing = 0;
		};
		A00000110000000000000002 /* Sources */ = {
			isa = PBXSourcesBuildPhase;
			buildActionMask = 2147483647;
			files = (
			);
			runOnlyForDeploymentPostprocessing = 0;
		};
/* End PBXSourcesBuildPhase section */

/* Begin PBXTargetDependency section */
		A00000140000000000000001 /* PBXTargetDependency */ = {
			isa = PBXTargetDependency;
			target = A00000040000000000000001 /* Scribe */;
			targetProxy = A00000160000000000000001 /* PBXContainerItemProxy */;
		};
/* End PBXTargetDependency section */

/* Begin XCBuildConfiguration section */
		A00000170000000000000001 /* Debug */ = {
			isa = XCBuildConfiguration;
			buildSettings = {
				ALWAYS_SEARCH_USER_PATHS = NO;
				ASSETCATALOG_COMPILER_GENERATE_SWIFT_ASSET_SYMBOL_EXTENSIONS = YES;
				CLANG_ANALYZER_NONNULL = YES;
				CLANG_ANALYZER_NUMBER_OBJECT_CONVERSION = YES_AGGRESSIVE;
				CLANG_CXX_LANGUAGE_STANDARD = "gnu++20";
				CLANG_ENABLE_MODULES = YES;
				CLANG_ENABLE_OBJC_ARC = YES;
				CLANG_ENABLE_OBJC_WEAK = YES;
				CLANG_WARN_BLOCK_CAPTURE_AUTORELEASING = YES;
				CLANG_WARN_BOOL_CONVERSION = YES;
				CLANG_WARN_COMMA = YES;
				CLANG_WARN_CONSTANT_CONVERSION = YES;
				CLANG_WARN_DEPRECATED_OBJC_IMPLEMENTATIONS = YES;
				CLANG_WARN_DIRECT_OBJC_ISA_USAGE = YES_ERROR;
				CLANG_WARN_DOCUMENTATION_COMMENTS = YES;
				CLANG_WARN_EMPTY_BODY = YES;
				CLANG_WARN_ENUM_CONVERSION = YES;
				CLANG_WARN_INFINITE_RECURSION = YES;
				CLANG_WARN_INT_CONVERSION = YES;
				CLANG_WARN_NON_LITERAL_NULL_CONVERSION = YES;
				CLANG_WARN_OBJC_IMPLICIT_RETAIN_SELF = YES;
				CLANG_WARN_OBJC_LITERAL_CONVERSION = YES;
				CLANG_WARN_OBJC_ROOT_CLASS = YES_ERROR;
				CLANG_WARN_QUOTED_INCLUDE_IN_FRAMEWORK_HEADER = YES;
				CLANG_WARN_RANGE_LOOP_ANALYSIS = YES;
				CLANG_WARN_STRICT_PROTOTYPES = YES;
				CLANG_WARN_SUSPICIOUS_MOVE = YES;
				CLANG_WARN_UNGUARDED_AVAILABILITY = YES_AGGRESSIVE;
				CLANG_WARN_UNREACHABLE_CODE = YES;
				CLANG_WARN__DUPLICATE_METHOD_MATCH = YES;
				COPY_PHASE_STRIP = NO;
				DEBUG_INFORMATION_FORMAT = dwarf;
				ENABLE_STRICT_OBJC_MSGSEND = YES;
				ENABLE_TESTABILITY = YES;
				ENABLE_USER_SCRIPT_SANDBOXING = YES;
				GCC_C_LANGUAGE_STANDARD = gnu17;
				GCC_DYNAMIC_NO_PIC = NO;
				GCC_NO_COMMON_BLOCKS = YES;
				GCC_OPTIMIZATION_LEVEL = 0;
				GCC_PREPROCESSOR_DEFINITIONS = (
					"DEBUG=1",
					"$(inherited)",
				);
				GCC_WARN_64_TO_32_BIT_CONVERSION = YES;
				GCC_WARN_ABOUT_RETURN_TYPE = YES_ERROR;
				GCC_WARN_UNDECLARED_SELECTOR = YES;
				GCC_WARN_UNINITIALIZED_AUTOS = YES_AGGRESSIVE;
				GCC_WARN_UNUSED_FUNCTION = YES;
				GCC_WARN_UNUSED_VARIABLE = YES;
				IPHONEOS_DEPLOYMENT_TARGET = 18.0;
				LOCALIZATION_PREFERS_STRING_CATALOGS = YES;
				MTL_ENABLE_DEBUG_INFO = INCLUDE_SOURCE;
				MTL_FAST_MATH = YES;
				ONLY_ACTIVE_ARCH = YES;
				SDKROOT = iphoneos;
				SWIFT_ACTIVE_COMPILATION_CONDITIONS = "DEBUG $(inherited)";
				SWIFT_OPTIMIZATION_LEVEL = "-Onone";
			};
			name = Debug;
		};
		A00000170000000000000002 /* Release */ = {
			isa = XCBuildConfiguration;
			buildSettings = {
				ALWAYS_SEARCH_USER_PATHS = NO;
				ASSETCATALOG_COMPILER_GENERATE_SWIFT_ASSET_SYMBOL_EXTENSIONS = YES;
				CLANG_ANALYZER_NONNULL = YES;
				CLANG_ANALYZER_NUMBER_OBJECT_CONVERSION = YES_AGGRESSIVE;
				CLANG_CXX_LANGUAGE_STANDARD = "gnu++20";
				CLANG_ENABLE_MODULES = YES;
				CLANG_ENABLE_OBJC_ARC = YES;
				CLANG_ENABLE_OBJC_WEAK = YES;
				CLANG_WARN_BLOCK_CAPTURE_AUTORELEASING = YES;
				CLANG_WARN_BOOL_CONVERSION = YES;
				CLANG_WARN_COMMA = YES;
				CLANG_WARN_CONSTANT_CONVERSION = YES;
				CLANG_WARN_DEPRECATED_OBJC_IMPLEMENTATIONS = YES;
				CLANG_WARN_DIRECT_OBJC_ISA_USAGE = YES_ERROR;
				CLANG_WARN_DOCUMENTATION_COMMENTS = YES;
				CLANG_WARN_EMPTY_BODY = YES;
				CLANG_WARN_ENUM_CONVERSION = YES;
				CLANG_WARN_INFINITE_RECURSION = YES;
				CLANG_WARN_INT_CONVERSION = YES;
				CLANG_WARN_NON_LITERAL_NULL_CONVERSION = YES;
				CLANG_WARN_OBJC_IMPLICIT_RETAIN_SELF = YES;
				CLANG_WARN_OBJC_LITERAL_CONVERSION = YES;
				CLANG_WARN_OBJC_ROOT_CLASS = YES_ERROR;
				CLANG_WARN_QUOTED_INCLUDE_IN_FRAMEWORK_HEADER = YES;
				CLANG_WARN_RANGE_LOOP_ANALYSIS = YES;
				CLANG_WARN_STRICT_PROTOTYPES = YES;
				CLANG_WARN_SUSPICIOUS_MOVE = YES;
				CLANG_WARN_UNGUARDED_AVAILABILITY = YES_AGGRESSIVE;
				CLANG_WARN_UNREACHABLE_CODE = YES;
				CLANG_WARN__DUPLICATE_METHOD_MATCH = YES;
				COPY_PHASE_STRIP = NO;
				DEBUG_INFORMATION_FORMAT = "dwarf-with-dsym";
				ENABLE_NS_ASSERTIONS = NO;
				ENABLE_STRICT_OBJC_MSGSEND = YES;
				ENABLE_USER_SCRIPT_SANDBOXING = YES;
				GCC_C_LANGUAGE_STANDARD = gnu17;
				GCC_NO_COMMON_BLOCKS = YES;
				GCC_WARN_64_TO_32_BIT_CONVERSION = YES;
				GCC_WARN_ABOUT_RETURN_TYPE = YES_ERROR;
				GCC_WARN_UNDECLARED_SELECTOR = YES;
				GCC_WARN_UNINITIALIZED_AUTOS = YES_AGGRESSIVE;
				GCC_WARN_UNUSED_FUNCTION = YES;
				GCC_WARN_UNUSED_VARIABLE = YES;
				IPHONEOS_DEPLOYMENT_TARGET = 18.0;
				LOCALIZATION_PREFERS_STRING_CATALOGS = YES;
				MTL_ENABLE_DEBUG_INFO = NO;
				MTL_FAST_MATH = YES;
				SDKROOT = iphoneos;
				SWIFT_COMPILATION_MODE = wholemodule;
				VALIDATE_PRODUCT = YES;
			};
			name = Release;
		};
		A00000180000000000000001 /* Debug */ = {
			isa = XCBuildConfiguration;
			buildSettings = {
				ASSETCATALOG_COMPILER_APPICON_NAME = AppIcon;
				ASSETCATALOG_COMPILER_GLOBAL_ACCENT_COLOR_NAME = AccentColor;
				CODE_SIGN_STYLE = Automatic;
				CURRENT_PROJECT_VERSION = 1;
				DEVELOPMENT_ASSET_PATHS = "";
				DEVELOPMENT_TEAM = "";
				ENABLE_PREVIEWS = YES;
				EXCLUDED_SOURCE_FILE_NAMES = .gitkeep;
				GENERATE_INFOPLIST_FILE = YES;
				INFOPLIST_FILE = Scribe/Info.plist;
				INFOPLIST_KEY_CFBundleDisplayName = Scribe;
				INFOPLIST_KEY_LSApplicationCategoryType = "public.app-category.productivity";
				INFOPLIST_KEY_UIApplicationSceneManifest_Generation = YES;
				INFOPLIST_KEY_UIApplicationSupportsIndirectInputEvents = YES;
				INFOPLIST_KEY_UILaunchScreen_Generation = YES;
				INFOPLIST_KEY_UISupportedInterfaceOrientations_iPad = "UIInterfaceOrientationPortrait UIInterfaceOrientationPortraitUpsideDown UIInterfaceOrientationLandscapeLeft UIInterfaceOrientationLandscapeRight";
				INFOPLIST_KEY_UISupportedInterfaceOrientations_iPhone = "UIInterfaceOrientationPortrait UIInterfaceOrientationLandscapeLeft UIInterfaceOrientationLandscapeRight";
				LD_RUNPATH_SEARCH_PATHS = (
					"$(inherited)",
					"@executable_path/Frameworks",
				);
				MARKETING_VERSION = 1.0;
				PRODUCT_BUNDLE_IDENTIFIER = com.scribe.app;
				PRODUCT_NAME = "$(TARGET_NAME)";
				SWIFT_EMIT_LOC_STRINGS = YES;
				SWIFT_VERSION = 5.0;
				TARGETED_DEVICE_FAMILY = "1,2";
			};
			name = Debug;
		};
		A00000180000000000000002 /* Release */ = {
			isa = XCBuildConfiguration;
			buildSettings = {
				ASSETCATALOG_COMPILER_APPICON_NAME = AppIcon;
				ASSETCATALOG_COMPILER_GLOBAL_ACCENT_COLOR_NAME = AccentColor;
				CODE_SIGN_STYLE = Automatic;
				CURRENT_PROJECT_VERSION = 1;
				DEVELOPMENT_ASSET_PATHS = "";
				DEVELOPMENT_TEAM = "";
				ENABLE_PREVIEWS = YES;
				EXCLUDED_SOURCE_FILE_NAMES = .gitkeep;
				GENERATE_INFOPLIST_FILE = YES;
				INFOPLIST_FILE = Scribe/Info.plist;
				INFOPLIST_KEY_CFBundleDisplayName = Scribe;
				INFOPLIST_KEY_LSApplicationCategoryType = "public.app-category.productivity";
				INFOPLIST_KEY_UIApplicationSceneManifest_Generation = YES;
				INFOPLIST_KEY_UIApplicationSupportsIndirectInputEvents = YES;
				INFOPLIST_KEY_UILaunchScreen_Generation = YES;
				INFOPLIST_KEY_UISupportedInterfaceOrientations_iPad = "UIInterfaceOrientationPortrait UIInterfaceOrientationPortraitUpsideDown UIInterfaceOrientationLandscapeLeft UIInterfaceOrientationLandscapeRight";
				INFOPLIST_KEY_UISupportedInterfaceOrientations_iPhone = "UIInterfaceOrientationPortrait UIInterfaceOrientationLandscapeLeft UIInterfaceOrientationLandscapeRight";
				LD_RUNPATH_SEARCH_PATHS = (
					"$(inherited)",
					"@executable_path/Frameworks",
				);
				MARKETING_VERSION = 1.0;
				PRODUCT_BUNDLE_IDENTIFIER = com.scribe.app;
				PRODUCT_NAME = "$(TARGET_NAME)";
				SWIFT_EMIT_LOC_STRINGS = YES;
				SWIFT_VERSION = 5.0;
				TARGETED_DEVICE_FAMILY = "1,2";
			};
			name = Release;
		};
		A00000180000000000000003 /* Debug */ = {
			isa = XCBuildConfiguration;
			buildSettings = {
				ALWAYS_EMBED_SWIFT_STANDARD_LIBRARIES = YES;
				BUNDLE_LOADER = "$(TEST_HOST)";
				CODE_SIGN_STYLE = Automatic;
				CURRENT_PROJECT_VERSION = 1;
				DEVELOPMENT_TEAM = "";
				EXCLUDED_SOURCE_FILE_NAMES = .gitkeep;
				GENERATE_INFOPLIST_FILE = YES;
				INFOPLIST_FILE = ScribeTests/Info.plist;
				IPHONEOS_DEPLOYMENT_TARGET = 18.0;
				MARKETING_VERSION = 1.0;
				PRODUCT_BUNDLE_IDENTIFIER = com.scribe.app.tests;
				PRODUCT_NAME = "$(TARGET_NAME)";
				SWIFT_EMIT_LOC_STRINGS = NO;
				SWIFT_VERSION = 5.0;
				TARGETED_DEVICE_FAMILY = "1,2";
				TEST_HOST = "$(BUILT_PRODUCTS_DIR)/Scribe.app/$(BUNDLE_EXECUTABLE_FOLDER_PATH)/Scribe";
			};
			name = Debug;
		};
		A00000180000000000000004 /* Release */ = {
			isa = XCBuildConfiguration;
			buildSettings = {
				ALWAYS_EMBED_SWIFT_STANDARD_LIBRARIES = YES;
				BUNDLE_LOADER = "$(TEST_HOST)";
				CODE_SIGN_STYLE = Automatic;
				CURRENT_PROJECT_VERSION = 1;
				DEVELOPMENT_TEAM = "";
				EXCLUDED_SOURCE_FILE_NAMES = .gitkeep;
				GENERATE_INFOPLIST_FILE = YES;
				INFOPLIST_FILE = ScribeTests/Info.plist;
				IPHONEOS_DEPLOYMENT_TARGET = 18.0;
				MARKETING_VERSION = 1.0;
				PRODUCT_BUNDLE_IDENTIFIER = com.scribe.app.tests;
				PRODUCT_NAME = "$(TARGET_NAME)";
				SWIFT_EMIT_LOC_STRINGS = NO;
				SWIFT_VERSION = 5.0;
				TARGETED_DEVICE_FAMILY = "1,2";
				TEST_HOST = "$(BUILT_PRODUCTS_DIR)/Scribe.app/$(BUNDLE_EXECUTABLE_FOLDER_PATH)/Scribe";
			};
			name = Release;
		};
/* End XCBuildConfiguration section */

/* Begin XCConfigurationList section */
		A00000100000000000000001 /* Build configuration list for PBXNativeTarget "Scribe" */ = {
			isa = XCConfigurationList;
			buildConfigurations = (
				A00000180000000000000001 /* Debug */,
				A00000180000000000000002 /* Release */,
			);
			defaultConfigurationIsVisible = 0;
			defaultConfigurationName = Release;
		};
		A00000100000000000000002 /* Build configuration list for PBXNativeTarget "ScribeTests" */ = {
			isa = XCConfigurationList;
			buildConfigurations = (
				A00000180000000000000003 /* Debug */,
				A00000180000000000000004 /* Release */,
			);
			defaultConfigurationIsVisible = 0;
			defaultConfigurationName = Release;
		};
		A00000100000000000000003 /* Build configuration list for PBXProject "Scribe" */ = {
			isa = XCConfigurationList;
			buildConfigurations = (
				A00000170000000000000001 /* Debug */,
				A00000170000000000000002 /* Release */,
			);
			defaultConfigurationIsVisible = 0;
			defaultConfigurationName = Release;
		};
/* End XCConfigurationList section */

/* Begin XCRemoteSwiftPackageReference section */
		C00000010000000000000001 /* XCRemoteSwiftPackageReference "FluidAudio" */ = {
			isa = XCRemoteSwiftPackageReference;
			repositoryURL = "https://github.com/FluidInference/FluidAudio.git";
			requirement = {
				branch = main;
				kind = branch;
			};
		};
		C00000010000000000000002 /* XCRemoteSwiftPackageReference "llama.swift" */ = {
			isa = XCRemoteSwiftPackageReference;
			repositoryURL = "https://github.com/mattt/llama.swift.git";
			requirement = {
				kind = upToNextMajorVersion;
				minimumVersion = 2.8628.0;
			};
		};
		C00000010000000000000003 /* XCRemoteSwiftPackageReference "swift-huggingface" */ = {
			isa = XCRemoteSwiftPackageReference;
			repositoryURL = "https://github.com/huggingface/swift-huggingface.git";
			requirement = {
				branch = main;
				kind = branch;
			};
			traits = (
			);
		};
		C00000010000000000000004 /* XCRemoteSwiftPackageReference "swift-transformers" */ = {
			isa = XCRemoteSwiftPackageReference;
			repositoryURL = "https://github.com/huggingface/swift-transformers.git";
			requirement = {
				branch = main;
				kind = branch;
			};
			traits = (
			);
		};
		C00000010000000000000005 /* XCRemoteSwiftPackageReference "swift-opus" */ = {
			isa = XCRemoteSwiftPackageReference;
			repositoryURL = "https://github.com/alta/swift-opus.git";
			requirement = {
				kind = upToNextMajorVersion;
				minimumVersion = 0.0.2;
			};
		};
		C00000010000000000000006 /* XCRemoteSwiftPackageReference "yyjson" */ = {
			isa = XCRemoteSwiftPackageReference;
			repositoryURL = "https://github.com/ibireme/yyjson.git";
			requirement = {
				kind = upToNextMajorVersion;
				minimumVersion = 0.10.0;
			};
		};
		C00000010000000000000007 /* XCRemoteSwiftPackageReference "WhisperKit" */ = {
			isa = XCRemoteSwiftPackageReference;
			repositoryURL = "https://github.com/argmaxinc/WhisperKit.git";
			requirement = {
				kind = upToNextMajorVersion;
				minimumVersion = 0.9.0;
			};
		};
/* End XCRemoteSwiftPackageReference section */

/* Begin XCSwiftPackageProductDependency section */
		B00000010000000000000001 /* FluidAudio */ = {
			isa = XCSwiftPackageProductDependency;
			package = C00000010000000000000001 /* XCRemoteSwiftPackageReference "FluidAudio" */;
			productName = FluidAudio;
		};
		B00000010000000000000002 /* LlamaSwift */ = {
			isa = XCSwiftPackageProductDependency;
			package = C00000010000000000000002 /* XCRemoteSwiftPackageReference "llama.swift" */;
			productName = LlamaSwift;
		};
		B00000010000000000000003 /* HuggingFace */ = {
			isa = XCSwiftPackageProductDependency;
			package = C00000010000000000000003 /* XCRemoteSwiftPackageReference "swift-huggingface" */;
			productName = HuggingFace;
		};
		B00000010000000000000004 /* Transformers */ = {
			isa = XCSwiftPackageProductDependency;
			package = C00000010000000000000004 /* XCRemoteSwiftPackageReference "swift-transformers" */;
			productName = Transformers;
		};
		B00000010000000000000005 /* Opus */ = {
			isa = XCSwiftPackageProductDependency;
			package = C00000010000000000000005 /* XCRemoteSwiftPackageReference "swift-opus" */;
			productName = Opus;
		};
		B00000010000000000000006 /* yyjson */ = {
			isa = XCSwiftPackageProductDependency;
			package = C00000010000000000000006 /* XCRemoteSwiftPackageReference "yyjson" */;
			productName = yyjson;
		};
		B00000010000000000000007 /* WhisperKit */ = {
			isa = XCSwiftPackageProductDependency;
			package = C00000010000000000000007 /* XCRemoteSwiftPackageReference "WhisperKit" */;
			productName = WhisperKit;
		};
/* End XCSwiftPackageProductDependency section */
	};
	rootObject = A00000150000000000000001 /* Project object */;
}
